
Microsoft Visual Studio Solution File, Format Version 12.00
# Visual Studio Version 17
VisualStudioVersion = 17.8.34330.188
MinimumVisualStudioVersion = 10.0.40219.1
Project("{FAE04EC0-301F-11D3-BF4B-00C04F79EFBC}") = "Student_Task_Management", "Student_Task_Management\Student_Task_Management.csproj", "{BF4473DA-16F1-413B-B172-1B861E4B7AF1}"
EndProject
Global
	GlobalSection(SolutionConfigurationPlatforms) = preSolution
		Debug|Any CPU = Debug|Any CPU
		Release|Any CPU = Release|Any CPU
	EndGlobalSection
	GlobalSection(ProjectConfigurationPlatforms) = postSolution
		{BF4473DA-16F1-413B-B172-1B861E4B7AF1}.Debug|Any CPU.ActiveCfg = Debug|Any CPU
		{BF4473DA-16F1-413B-B172-1B861E4B7AF1}.Debug|Any CPU.Build.0 = Debug|Any CPU
		{BF4473DA-16F1-413B-B172-1B861E4B7AF1}.Release|Any CPU.ActiveCfg = Release|Any CPU
		{BF4473DA-16F1-413B-B172-1B861E4B7AF1}.Release|Any CPU.Build.0 = Release|Any CPU
	EndGlobalSection
	GlobalSection(SolutionProperties) = preSolution
		HideSolutionNode = FALSE
	EndGlobalSection
	GlobalSection(ExtensibilityGlobals) = postSolution
		SolutionGuid = {21674DC1-0883-47BF-9FD9-1D0996267B63}
	EndGlobalSection
EndGlobal
